<?xml version="1.0" encoding="utf-8"?>
<Project ToolsVersion="4.0" xmlns="http://schemas.microsoft.com/developer/msbuild/2003">
  <ItemGroup>
    <Filter Include="源文件">
      <UniqueIdentifier>{4FC737F1-C7A5-4376-A066-2A32D752A2FF}</UniqueIdentifier>
      <Extensions>cpp;c;cc;cxx;c++;cppm;ixx;def;odl;idl;hpj;bat;asm;asmx</Extensions>
    </Filter>
    <Filter Include="头文件">
      <UniqueIdentifier>{93995380-89BD-4b04-88EB-625FBE52EBFB}</UniqueIdentifier>
      <Extensions>h;hh;hpp;hxx;h++;hm;inl;inc;ipp;xsd</Extensions>
    </Filter>
    <Filter Include="资源文件">
      <UniqueIdentifier>{67DA6AB6-F800-4c08-8B7A-83BB121AAD01}</UniqueIdentifier>
      <Extensions>rc;ico;cur;bmp;dlg;rc2;rct;bin;rgs;gif;jpg;jpeg;jpe;resx;tiff;tif;png;wav;mfcribbon-ms</Extensions>
    </Filter>
  </ItemGroup>
  <ItemGroup>
    <ClCompile Include="user.cpp">
      <Filter>源文件</Filter>
    </ClCompile>
    <ClCompile Include="update.cpp">
      <Filter>源文件</Filter>
    </ClCompile>
    <ClCompile Include="register.cpp">
      <Filter>源文件</Filter>
    </ClCompile>
    <ClCompile Include="order.cpp">
      <Filter>源文件</Filter>
    </ClCompile>
    <ClCompile Include="menu.cpp">
      <Filter>源文件</Filter>
    </ClCompile>
    <ClCompile Include="mainpage.cpp">
      <Filter>源文件</Filter>
    </ClCompile>
    <ClCompile Include="login.cpp">
      <Filter>源文件</Filter>
    </ClCompile>
    <ClCompile Include="insert.cpp">
      <Filter>源文件</Filter>
    </ClCompile>
    <ClCompile Include="goods.cpp">
      <Filter>源文件</Filter>
    </ClCompile>
    <ClCompile Include="file.cpp">
      <Filter>源文件</Filter>
    </ClCompile>
    <ClCompile Include="data.cpp">
      <Filter>源文件</Filter>
    </ClCompile>
    <ClCompile Include="check.cpp">
      <Filter>源文件</Filter>
    </ClCompile>
    <ClCompile Include="administrator.cpp">
      <Filter>源文件</Filter>
    </ClCompile>
    <ClCompile Include="calculator.cpp">
      <Filter>源文件</Filter>
    </ClCompile>
    <ClCompile Include="balance.cpp">
      <Filter>源文件</Filter>
    </ClCompile>
    <ClCompile Include="color.cpp">
      <Filter>源文件</Filter>
    </ClCompile>
    <ClCompile Include="trolley.cpp">
      <Filter>源文件</Filter>
    </ClCompile>
    <ClCompile Include="box.cpp">
      <Filter>源文件</Filter>
    </ClCompile>
  </ItemGroup>
  <ItemGroup>
    <ClInclude Include="administrator.h">
      <Filter>头文件</Filter>
    </ClInclude>
    <ClInclude Include="check.h">
      <Filter>头文件</Filter>
    </ClInclude>
    <ClInclude Include="data.h">
      <Filter>头文件</Filter>
    </ClInclude>
    <ClInclude Include="file.h">
      <Filter>头文件</Filter>
    </ClInclude>
    <ClInclude Include="goods.h">
      <Filter>头文件</Filter>
    </ClInclude>
    <ClInclude Include="insert.h">
      <Filter>头文件</Filter>
    </ClInclude>
    <ClInclude Include="login.h">
      <Filter>头文件</Filter>
    </ClInclude>
    <ClInclude Include="menu.h">
      <Filter>头文件</Filter>
    </ClInclude>
    <ClInclude Include="order.h">
      <Filter>头文件</Filter>
    </ClInclude>
    <ClInclude Include="register.h">
      <Filter>头文件</Filter>
    </ClInclude>
    <ClInclude Include="update.h">
      <Filter>头文件</Filter>
    </ClInclude>
    <ClInclude Include="user.h">
      <Filter>头文件</Filter>
    </ClInclude>
    <ClInclude Include="calculator.h">
      <Filter>头文件</Filter>
    </ClInclude>
    <ClInclude Include="balance.h">
      <Filter>头文件</Filter>
    </ClInclude>
    <ClInclude Include="color.h">
      <Filter>头文件</Filter>
    </ClInclude>
    <ClInclude Include="trolley.h">
      <Filter>头文件</Filter>
    </ClInclude>
    <ClInclude Include="box.h">
      <Filter>头文件</Filter>
    </ClInclude>
  </ItemGroup>
  <ItemGroup>
    <Text Include="user.txt">
      <Filter>资源文件</Filter>
    </Text>
    <Text Include="order.txt">
      <Filter>资源文件</Filter>
    </Text>
    <Text Include="commands.txt">
      <Filter>资源文件</Filter>
    </Text>
    <Text Include="commodity.txt">
      <Filter>资源文件</Filter>
    </Text>
    <Text Include="recharge.txt">
      <Filter>资源文件</Filter>
    </Text>
    <Text Include="trolley.txt">
      <Filter>资源文件</Filter>
    </Text>
    <Text Include="message.txt">
      <Filter>资源文件</Filter>
    </Text>
  </ItemGroup>
</Project>